
Microsoft Visual Studio Solution File, Format Version 12.00
# Visual Studio Version 17
VisualStudioVersion = 17.4.33103.184
MinimumVisualStudioVersion = 10.0.40219.1
Project("{FAE04EC0-301F-11D3-BF4B-00C04F79EFBC}") = "OrangeAutomation", "OrangeAutomation\OrangeAutomation.csproj", "{EA030A27-765E-4F15-A566-B28A979ED617}"
EndProject
Global
	GlobalSection(SolutionConfigurationPlatforms) = preSolution
		Debug|Any CPU = Debug|Any CPU
		Release|Any CPU = Release|Any CPU
	EndGlobalSection
	GlobalSection(ProjectConfigurationPlatforms) = postSolution
		{EA030A27-765E-4F15-A566-B28A979ED617}.Debug|Any CPU.ActiveCfg = Debug|Any CPU
		{EA030A27-765E-4F15-A566-B28A979ED617}.Debug|Any CPU.Build.0 = Debug|Any CPU
		{EA030A27-765E-4F15-A566-B28A979ED617}.Release|Any CPU.ActiveCfg = Release|Any CPU
		{EA030A27-765E-4F15-A566-B28A979ED617}.Release|Any CPU.Build.0 = Release|Any CPU
	EndGlobalSection
	GlobalSection(SolutionProperties) = preSolution
		HideSolutionNode = FALSE
	EndGlobalSection
	GlobalSection(ExtensibilityGlobals) = postSolution
		SolutionGuid = {CE2FD518-B94B-4795-82FC-13C5050A15F4}
	EndGlobalSection
EndGlobal
